
Microsoft Visual Studio Solution File, Format Version 12.00
# Visual Studio Version 16
VisualStudioVersion = 16.0.28803.202
MinimumVisualStudioVersion = 10.0.40219.1
Project("{FAE04EC0-301F-11D3-BF4B-00C04F79EFBC}") = "StudentManagementSystem", "StudentManagementSystem.csproj", "{034A6F1E-8B03-4CBE-A264-245B71A5EB1E}"
EndProject
Global
	GlobalSection(SolutionConfigurationPlatforms) = preSolution
		Debug|Any CPU = Debug|Any CPU
		Release|Any CPU = Release|Any CPU
	EndGlobalSection
	GlobalSection(ProjectConfigurationPlatforms) = postSolution
		{034A6F1E-8B03-4CBE-A264-245B71A5EB1E}.Debug|Any CPU.ActiveCfg = Debug|Any CPU
		{034A6F1E-8B03-4CBE-A264-245B71A5EB1E}.Debug|Any CPU.Build.0 = Debug|Any CPU
		{034A6F1E-8B03-4CBE-A264-245B71A5EB1E}.Release|Any CPU.ActiveCfg = Release|Any CPU
		{034A6F1E-8B03-4CBE-A264-245B71A5EB1E}.Release|Any CPU.Build.0 = Release|Any CPU
	EndGlobalSection
	GlobalSection(SolutionProperties) = preSolution
		HideSolutionNode = FALSE
	EndGlobalSection
	GlobalSection(ExtensibilityGlobals) = postSolution
		SolutionGuid = {9DA6F03F-0708-4199-8D7B-061789347DBC}
	EndGlobalSection
EndGlobal
